Microsoft Visual Studio Solution File, Format Version 12.00
# Visual Studio Version 17
VisualStudioVersion = 17.0.31903.59
MinimumVisualStudioVersion = 10.0.40219.1
Project("{FAE04EC0-301F-11D3-BF4B-00C04F79EFBC}") = "CodexFlowWindows", "src\CodexFlowWindows\CodexFlowWindows.csproj", "{B5702F74-5F48-4E16-9C2A-B41812716957}"
EndProject
Project("{FAE04EC0-301F-11D3-BF4B-00C04F79EFBC}") = "CodexFlowWindows.Tests", "tests\CodexFlowWindows.Tests\CodexFlowWindows.Tests.csproj", "{F9CBACD2-E1D9-46C6-9D7D-6510F90A9962}"
EndProject
Global
	GlobalSection(SolutionConfigurationPlatforms) = preSolution
		Debug|Any CPU = Debug|Any CPU
		Release|Any CPU = Release|Any CPU
	EndGlobalSection
	GlobalSection(ProjectConfigurationPlatforms) = postSolution
		{B5702F74-5F48-4E16-9C2A-B41812716957}.Debug|Any CPU.ActiveCfg = Debug|Any CPU
		{B5702F74-5F48-4E16-9C2A-B41812716957}.Debug|Any CPU.Build.0 = Debug|Any CPU
		{B5702F74-5F48-4E16-9C2A-B41812716957}.Release|Any CPU.ActiveCfg = Release|Any CPU
		{B5702F74-5F48-4E16-9C2A-B41812716957}.Release|Any CPU.Build.0 = Release|Any CPU
		{F9CBACD2-E1D9-46C6-9D7D-6510F90A9962}.Debug|Any CPU.ActiveCfg = Debug|Any CPU
		{F9CBACD2-E1D9-46C6-9D7D-6510F90A9962}.Debug|Any CPU.Build.0 = Debug|Any CPU
		{F9CBACD2-E1D9-46C6-9D7D-6510F90A9962}.Release|Any CPU.ActiveCfg = Release|Any CPU
		{F9CBACD2-E1D9-46C6-9D7D-6510F90A9962}.Release|Any CPU.Build.0 = Release|Any CPU
	EndGlobalSection
	GlobalSection(SolutionProperties) = preSolution
		HideSolutionNode = FALSE
	EndGlobalSection
	GlobalSection(ExtensibilityGlobals) = postSolution
		SolutionGuid = {9C6E8F4C-2C65-4F2B-9D08-5BD8AB1F7B5D}
	EndGlobalSection
EndGlobal
